
Microsoft Visual Studio Solution File, Format Version 11.00
# Visual Studio 2010
Project("{FAE04EC0-301F-11D3-BF4B-00C04F79EFBC}") = "Assembly-CSharp-firstpass", "Assembly-CSharp-firstpass.csproj", "{DF13247E-BBF3-FB1A-0749-790C5719A153}"
EndProject
Project("{FAE04EC0-301F-11D3-BF4B-00C04F79EFBC}") = "Assembly-CSharp", "Assembly-CSharp.csproj", "{C2A9F6EB-2EA4-29C7-F481-880B1AC5A28F}"
EndProject
Global
	GlobalSection(SolutionConfigurationPlatforms) = preSolution
		Debug|Any CPU = Debug|Any CPU
		Release|Any CPU = Release|Any CPU
	EndGlobalSection
	GlobalSection(ProjectConfigurationPlatforms) = postSolution
		{DF13247E-BBF3-FB1A-0749-790C5719A153}.Debug|Any CPU.ActiveCfg = Debug|Any CPU
		{DF13247E-BBF3-FB1A-0749-790C5719A153}.Debug|Any CPU.Build.0 = Debug|Any CPU
		{DF13247E-BBF3-FB1A-0749-790C5719A153}.Release|Any CPU.ActiveCfg = Release|Any CPU
		{DF13247E-BBF3-FB1A-0749-790C5719A153}.Release|Any CPU.Build.0 = Release|Any CPU
		{C2A9F6EB-2EA4-29C7-F481-880B1AC5A28F}.Debug|Any CPU.ActiveCfg = Debug|Any CPU
		{C2A9F6EB-2EA4-29C7-F481-880B1AC5A28F}.Debug|Any CPU.Build.0 = Debug|Any CPU
		{C2A9F6EB-2EA4-29C7-F481-880B1AC5A28F}.Release|Any CPU.ActiveCfg = Release|Any CPU
		{C2A9F6EB-2EA4-29C7-F481-880B1AC5A28F}.Release|Any CPU.Build.0 = Release|Any CPU
	EndGlobalSection
	GlobalSection(SolutionProperties) = preSolution
		HideSolutionNode = FALSE
	EndGlobalSection
EndGlobal
